// !$*UTF8*$!
{
	archiveVersion = 1;
	classes = {
	};
	objectVersion = 56;
	objects = {

/* Begin PBXBuildFile section */
		ACE2482829E8C9F9008DFAC2 /* srcApp.swift in Sources */ = {isa = PBXBuildFile; fileRef = ACE2482729E8C9F9008DFAC2 /* srcApp.swift */; };
		ACE2482A29E8C9F9008DFAC2 /* ContentView.swift in Sources */ = {isa = PBXBuildFile; fileRef = ACE2482929E8C9F9008DFAC2 /* ContentView.swift */; };
		ACE2482C29E8C9FB008DFAC2 /* Assets.xcassets in Resources */ = {isa = PBXBuildFile; fileRef = ACE2482B29E8C9FB008DFAC2 /* Assets.xcassets */; };
		ACE2483029E8C9FB008DFAC2 /* Preview Assets.xcassets in Resources */ = {isa = PBXBuildFile; fileRef = ACE2482F29E8C9FB008DFAC2 /* Preview Assets.xcassets */; };
		ACE2483A29E8C9FB008DFAC2 /* srcTests.swift in Sources */ = {isa = PBXBuildFile; fileRef = ACE2483929E8C9FB008DFAC2 /* srcTests.swift */; };
		ACE2484429E8C9FB008DFAC2 /* srcUITests.swift in Sources */ = {isa = PBXBuildFile; fileRef = ACE2484329E8C9FB008DFAC2 /* srcUITests.swift */; };
		ACE2484629E8C9FB008DFAC2 /* srcUITestsLaunchTests.swift in Sources */ = {isa = PBXBuildFile; fileRef = ACE2484529E8C9FB008DFAC2 /* srcUITestsLaunchTests.swift */; };
/* End PBXBuildFile section */

/* Begin PBXContainerItemProxy section */
		ACE2483629E8C9FB008DFAC2 /* PBXContainerItemProxy */ = {
			isa = PBXContainerItemProxy;
			containerPortal = ACE2481C29E8C9F9008DFAC2 /* Project object */;
			proxyType = 1;
			remoteGlobalIDString = ACE2482329E8C9F9008DFAC2;
			remoteInfo = src;
		};
		ACE2484029E8C9FB008DFAC2 /* PBXContainerItemProxy */ = {
			isa = PBXContainerItemProxy;
			containerPortal = ACE2481C29E8C9F9008DFAC2 /* Project object */;
			proxyType = 1;
			remoteGlobalIDString = ACE2482329E8C9F9008DFAC2;
			remoteInfo = src;
		};
/* End PBXContainerItemProxy section */

/* Begin PBXFileReference section */
		ACE2482429E8C9F9008DFAC2 /* src.app */ = {isa = PBXFileReference; explicitFileType = wrapper.application; includeInIndex = 0; path = src.app; sourceTree = BUILT_PRODUCTS_DIR; };
		ACE2482729E8C9F9008DFAC2 /* srcApp.swift */ = {isa = PBXFileReference; lastKnownFileType = sourcecode.swift; path = srcApp.swift; sourceTree = "<group>"; };
		ACE2482929E8C9F9008DFAC2 /* ContentView.swift */ = {isa = PBXFileReference; lastKnownFileType = sourcecode.swift; path = ContentView.swift; sourceTree = "<group>"; };
		ACE2482B29E8C9FB008DFAC2 /* Assets.xcassets */ = {isa = PBXFileReference; lastKnownFileType = folder.assetcatalog; path = Assets.xcassets; sourceTree = "<group>"; };
		ACE2482D29E8C9FB008DFAC2 /* src.entitlements */ = {isa = PBXFileReference; lastKnownFileType = text.plist.entitlements; path = src.entitlements; sourceTree = "<group>"; };
		ACE2482F29E8C9FB008DFAC2 /* Preview Assets.xcassets */ = {isa = PBXFileReference; lastKnownFileType = folder.assetcatalog; path = "Preview Assets.xcassets"; sourceTree = "<group>"; };
		ACE2483529E8C9FB008DFAC2 /* srcTests.xctest */ = {isa = PBXFileReference; explicitFileType = wrapper.cfbundle; includeInIndex = 0; path = srcTests.xctest; sourceTree = BUILT_PRODUCTS_DIR; };
		ACE2483929E8C9FB008DFAC2 /* srcTests.swift */ = {isa = PBXFileReference; lastKnownFileType = sourcecode.swift; path = srcTests.swift; sourceTree = "<group>"; };
		ACE2483F29E8C9FB008DFAC2 /* srcUITests.xctest */ = {isa = PBXFileReference; explicitFileType = wrapper.cfbundle; includeInIndex = 0; path = srcUITests.xctest; sourceTree = BUILT_PRODUCTS_DIR; };
		ACE2484329E8C9FB008DFAC2 /* srcUITests.swift */ = {isa = PBXFileReference; lastKnownFileType = sourcecode.swift; path = srcUITests.swift; sourceTree = "<group>"; };
		ACE2484529E8C9FB008DFAC2 /* srcUITestsLaunchTests.swift */ = {isa = PBXFileReference; lastKnownFileType = sourcecode.swift; path = srcUITestsLaunchTests.swift; sourceTree = "<group>"; };
/* End PBXFileReference section */

/* Begin PBXFrameworksBuildPhase section */
		ACE2482129E8C9F9008DFAC2 /* Frameworks */ = {
			isa = PBXFrameworksBuildPhase;
			buildActionMask = 2147483647;
			files = (
			);
			runOnlyForDeploymentPostprocessing = 0;
		};
		ACE2483229E8C9FB008DFAC2 /* Frameworks */ = {
			isa = PBXFrameworksBuildPhase;
			buildActionMask = 2147483647;
			files = (
			);
			runOnlyForDeploymentPostprocessing = 0;
		};
		ACE2483C29E8C9FB008DFAC2 /* Frameworks */ = {
			isa = PBXFrameworksBuildPhase;
			buildActionMask = 2147483647;
			files = (
			);
			runOnlyForDeploymentPostprocessing = 0;
		};
/* End PBXFrameworksBuildPhase section */

/* Begin PBXGroup section */
		ACE2481B29E8C9F9008DFAC2 = {
			isa = PBXGroup;
			children = (
				ACE2482629E8C9F9008DFAC2 /* src */,
				ACE2483829E8C9FB008DFAC2 /* srcTests */,
				ACE2484229E8C9FB008DFAC2 /* srcUITests */,
				ACE2482529E8C9F9008DFAC2 /* Products */,
			);
			sourceTree = "<group>";
		};
		ACE2482529E8C9F9008DFAC2 /* Products */ = {
			isa = PBXGroup;
			children = (
				ACE2482429E8C9F9008DFAC2 /* src.app */,
				ACE2483529E8C9FB008DFAC2 /* srcTests.xctest */,
				ACE2483F29E8C9FB008DFAC2 /* srcUITests.xctest */,
			);
			name = Products;
			sourceTree = "<group>";
		};
		ACE2482629E8C9F9008DFAC2 /* src */ = {
			isa = PBXGroup;
			children = (
				ACE2482729E8C9F9008DFAC2 /* srcApp.swift */,
				ACE2482929E8C9F9008DFAC2 /* ContentView.swift */,
				ACE2482B29E8C9FB008DFAC2 /* Assets.xcassets */,
				ACE2482D29E8C9FB008DFAC2 /* src.entitlements */,
				ACE2482E29E8C9FB008DFAC2 /* Preview Content */,
			);
			path = src;
			sourceTree = "<group>";
		};
		ACE2482E29E8C9FB008DFAC2 /* Preview Content */ = {
			isa = PBXGroup;
			children = (
				ACE2482F29E8C9FB008DFAC2 /* Preview Assets.xcassets */,
			);
			path = "Preview Content";
			sourceTree = "<group>";
		};
		ACE2483829E8C9FB008DFAC2 /* srcTests */ = {
			isa = PBXGroup;
			children = (
				ACE2483929E8C9FB008DFAC2 /* srcTests.swift */,
			);
			path = srcTests;
			sourceTree = "<group>";
		};
		ACE2484229E8C9FB008DFAC2 /* srcUITests */ = {
			isa = PBXGroup;
			children = (
				ACE2484329E8C9FB008DFAC2 /* srcUITests.swift */,
				ACE2484529E8C9FB008DFAC2 /* srcUITestsLaunchTests.swift */,
			);
			path = srcUITests;
			sourceTree = "<group>";
		};
/* End PBXGroup section */

/* Begin PBXNativeTarget section */
		ACE2482329E8C9F9008DFAC2 /* src */ = {
			isa = PBXNativeTarget;
			buildConfigurationList = ACE2484929E8C9FB008DFAC2 /* Build configuration list for PBXNativeTarget "src" */;
			buildPhases = (
				ACE2482029E8C9F9008DFAC2 /* Sources */,
				ACE2482129E8C9F9008DFAC2 /* Frameworks */,
				ACE2482229E8C9F9008DFAC2 /* Resources */,
			);
			buildRules = (
			);
			dependencies = (
			);
			name = src;
			productName = src;
			productReference = ACE2482429E8C9F9008DFAC2 /* src.app */;
			productType = "com.apple.product-type.application";
		};
		ACE2483429E8C9FB008DFAC2 /* srcTests */ = {
			isa = PBXNativeTarget;
			buildConfigurationList = ACE2484C29E8C9FB008DFAC2 /* Build configuration list for PBXNativeTarget "srcTests" */;
			buildPhases = (
				ACE2483129E8C9FB008DFAC2 /* Sources */,
				ACE2483229E8C9FB008DFAC2 /* Frameworks */,
				ACE2483329E8C9FB008DFAC2 /* Resources */,
			);
			buildRules = (
			);
			dependencies = (
				ACE2483729E8C9FB008DFAC2 /* PBXTargetDependency */,
			);
			name = srcTests;
			productName = srcTests;
			productReference = ACE2483529E8C9FB008DFAC2 /* srcTests.xctest */;
			productType = "com.apple.product-type.bundle.unit-test";
		};
		ACE2483E29E8C9FB008DFAC2 /* srcUITests */ = {
			isa = PBXNativeTarget;
			buildConfigurationList = ACE2484F29E8C9FB008DFAC2 /* Build configuration list for PBXNativeTarget "srcUITests" */;
			buildPhases = (
				ACE2483B29E8C9FB008DFAC2 /* Sources */,
				ACE2483C29E8C9FB008DFAC2 /* Frameworks */,
				ACE2483D29E8C9FB008DFAC2 /* Resources */,
			);
			buildRules = (
			);
			dependencies = (
				ACE2484129E8C9FB008DFAC2 /* PBXTargetDependency */,
			);
			name = srcUITests;
			productName = srcUITests;
			productReference = ACE2483F29E8C9FB008DFAC2 /* srcUITests.xctest */;
			productType = "com.apple.product-type.bundle.ui-testing";
		};
/* End PBXNativeTarget section */

/* Begin PBXProject section */
		ACE2481C29E8C9F9008DFAC2 /* Project object */ = {
			isa = PBXProject;
			attributes = {
				BuildIndependentTargetsInParallel = 1;
				LastSwiftUpdateCheck = 1420;
				LastUpgradeCheck = 1420;
				TargetAttributes = {
					ACE2482329E8C9F9008DFAC2 = {
						CreatedOnToolsVersion = 14.2;
					};
					ACE2483429E8C9FB008DFAC2 = {
						CreatedOnToolsVersion = 14.2;
						TestTargetID = ACE2482329E8C9F9008DFAC2;
					};
					ACE2483E29E8C9FB008DFAC2 = {
						CreatedOnToolsVersion = 14.2;
						TestTargetID = ACE2482329E8C9F9008DFAC2;
					};
				};
			};
			buildConfigurationList = ACE2481F29E8C9F9008DFAC2 /* Build configuration list for PBXProject "src" */;
			compatibilityVersion = "Xcode 14.0";
			developmentRegion = en;
			hasScannedForEncodings = 0;
			knownRegions = (
				en,
				Base,
			);
			mainGroup = ACE2481B29E8C9F9008DFAC2;
			productRefGroup = ACE2482529E8C9F9008DFAC2 /* Products */;
			projectDirPath = "";
			projectRoot = "";
			targets = (
				ACE2482329E8C9F9008DFAC2 /* src */,
				ACE2483429E8C9FB008DFAC2 /* srcTests */,
				ACE2483E29E8C9FB008DFAC2 /* srcUITests */,
			);
		};
/* End PBXProject section */

/* Begin PBXResourcesBuildPhase section */
		ACE2482229E8C9F9008DFAC2 /* Resources */ = {
			isa = PBXResourcesBuildPhase;
			buildActionMask = 2147483647;
			files = (
				ACE2483029E8C9FB008DFAC2 /* Preview Assets.xcassets in Resources */,
				ACE2482C29E8C9FB008DFAC2 /* Assets.xcassets in Resources */,
			);
			runOnlyForDeploymentPostprocessing = 0;
		};
		ACE2483329E8C9FB008DFAC2 /* Resources */ = {
			isa = PBXResourcesBuildPhase;
			buildActionMask = 2147483647;
			files = (
			);
			runOnlyForDeploymentPostprocessing = 0;
		};
		ACE2483D29E8C9FB008DFAC2 /* Resources */ = {
			isa = PBXResourcesBuildPhase;
			buildActionMask = 2147483647;
			files = (
			);
			runOnlyForDeploymentPostprocessing = 0;
		};
/* End PBXResourcesBuildPhase section */

/* Begin PBXSourcesBuildPhase section */
		ACE2482029E8C9F9008DFAC2 /* Sources */ = {
			isa = PBXSourcesBuildPhase;
			buildActionMask = 2147483647;
			files = (
				ACE2482A29E8C9F9008DFAC2 /* ContentView.swift in Sources */,
				ACE2482829E8C9F9008DFAC2 /* srcApp.swift in Sources */,
			);
			runOnlyForDeploymentPostprocessing = 0;
		};
		ACE2483129E8C9FB008DFAC2 /* Sources */ = {
			isa = PBXSourcesBuildPhase;
			buildActionMask = 2147483647;
			files = (
				ACE2483A29E8C9FB008DFAC2 /* srcTests.swift in Sources */,
			);
			runOnlyForDeploymentPostprocessing = 0;
		};
		ACE2483B29E8C9FB008DFAC2 /* Sources */ = {
			isa = PBXSourcesBuildPhase;
			buildActionMask = 2147483647;
			files = (
				ACE2484429E8C9FB008DFAC2 /* srcUITests.swift in Sources */,
				ACE2484629E8C9FB008DFAC2 /* srcUITestsLaunchTests.swift in Sources */,
			);
			runOnlyForDeploymentPostprocessing = 0;
		};
/* End PBXSourcesBuildPhase section */

/* Begin PBXTargetDependency section */
		ACE2483729E8C9FB008DFAC2 /* PBXTargetDependency */ = {
			isa = PBXTargetDependency;
			target = ACE2482329E8C9F9008DFAC2 /* src */;
			targetProxy = ACE2483629E8C9FB008DFAC2 /* PBXContainerItemProxy */;
		};
		ACE2484129E8C9FB008DFAC2 /* PBXTargetDependency */ = {
			isa = PBXTargetDependency;
			target = ACE2482329E8C9F9008DFAC2 /* src */;
			targetProxy = ACE2484029E8C9FB008DFAC2 /* PBXContainerItemProxy */;
		};
/* End PBXTargetDependency section */

/* Begin XCBuildConfiguration section */
		ACE2484729E8C9FB008DFAC2 /* Debug */ = {
			isa = XCBuildConfiguration;
			buildSettings = {
				ALWAYS_SEARCH_USER_PATHS = NO;
				CLANG_ANALYZER_NONNULL = YES;
				CLANG_ANALYZER_NUMBER_OBJECT_CONVERSION = YES_AGGRESSIVE;
				CLANG_CXX_LANGUAGE_STANDARD = "gnu++20";
				CLANG_ENABLE_MODULES = YES;
				CLANG_ENABLE_OBJC_ARC = YES;
				CLANG_ENABLE_OBJC_WEAK = YES;
				CLANG_WARN_BLOCK_CAPTURE_AUTORELEASING = YES;
				CLANG_WARN_BOOL_CONVERSION = YES;
				CLANG_WARN_COMMA = YES;
				CLANG_WARN_CONSTANT_CONVERSION = YES;
				CLANG_WARN_DEPRECATED_OBJC_IMPLEMENTATIONS = YES;
				CLANG_WARN_DIRECT_OBJC_ISA_USAGE = YES_ERROR;
				CLANG_WARN_DOCUMENTATION_COMMENTS = YES;
				CLANG_WARN_EMPTY_BODY = YES;
				CLANG_WARN_ENUM_CONVERSION = YES;
				CLANG_WARN_INFINITE_RECURSION = YES;
				CLANG_WARN_INT_CONVERSION = YES;
				CLANG_WARN_NON_LITERAL_NULL_CONVERSION = YES;
				CLANG_WARN_OBJC_IMPLICIT_RETAIN_SELF = YES;
				CLANG_WARN_OBJC_LITERAL_CONVERSION = YES;
				CLANG_WARN_OBJC_ROOT_CLASS = YES_ERROR;
				CLANG_WARN_QUOTED_INCLUDE_IN_FRAMEWORK_HEADER = YES;
				CLANG_WARN_RANGE_LOOP_ANALYSIS = YES;
				CLANG_WARN_STRICT_PROTOTYPES = YES;
				CLANG_WARN_SUSPICIOUS_MOVE = YES;
				CLANG_WARN_UNGUARDED_AVAILABILITY = YES_AGGRESSIVE;
				CLANG_WARN_UNREACHABLE_CODE = YES;
				CLANG_WARN__DUPLICATE_METHOD_MATCH = YES;
				COPY_PHASE_STRIP = NO;
				DEBUG_INFORMATION_FORMAT = dwarf;
				ENABLE_STRICT_OBJC_MSGSEND = YES;
				ENABLE_TESTABILITY = YES;
				GCC_C_LANGUAGE_STANDARD = gnu11;
				GCC_DYNAMIC_NO_PIC = NO;
				GCC_NO_COMMON_BLOCKS = YES;
				GCC_OPTIMIZATION_LEVEL = 0;
				GCC_PREPROCESSOR_DEFINITIONS = (
					"DEBUG=1",
					"$(inherited)",
				);
				GCC_WARN_64_TO_32_BIT_CONVERSION = YES;
				GCC_WARN_ABOUT_RETURN_TYPE = YES_ERROR;
				GCC_WARN_UNDECLARED_SELECTOR = YES;
				GCC_WARN_UNINITIALIZED_AUTOS = YES_AGGRESSIVE;
				GCC_WARN_UNUSED_FUNCTION = YES;
				GCC_WARN_UNUSED_VARIABLE = YES;
				MTL_ENABLE_DEBUG_INFO = INCLUDE_SOURCE;
				MTL_FAST_MATH = YES;
				ONLY_ACTIVE_ARCH = YES;
				SWIFT_ACTIVE_COMPILATION_CONDITIONS = DEBUG;
				SWIFT_OPTIMIZATION_LEVEL = "-Onone";
			};
			name = Debug;
		};
		ACE2484829E8C9FB008DFAC2 /* Release */ = {
			isa = XCBuildConfiguration;
			buildSettings = {
				ALWAYS_SEARCH_USER_PATHS = NO;
				CLANG_ANALYZER_NONNULL = YES;
				CLANG_ANALYZER_NUMBER_OBJECT_CONVERSION = YES_AGGRESSIVE;
				CLANG_CXX_LANGUAGE_STANDARD = "gnu++20";
				CLANG_ENABLE_MODULES = YES;
				CLANG_ENABLE_OBJC_ARC = YES;
				CLANG_ENABLE_OBJC_WEAK = YES;
				CLANG_WARN_BLOCK_CAPTURE_AUTORELEASING = YES;
				CLANG_WARN_BOOL_CONVERSION = YES;
				CLANG_WARN_COMMA = YES;
				CLANG_WARN_CONSTANT_CONVERSION = YES;
				CLANG_WARN_DEPRECATED_OBJC_IMPLEMENTATIONS = YES;
				CLANG_WARN_DIRECT_OBJC_ISA_USAGE = YES_ERROR;
				CLANG_WARN_DOCUMENTATION_COMMENTS = YES;
				CLANG_WARN_EMPTY_BODY = YES;
				CLANG_WARN_ENUM_CONVERSION = YES;
				CLANG_WARN_INFINITE_RECURSION = YES;
				CLANG_WARN_INT_CONVERSION = YES;
				CLANG_WARN_NON_LITERAL_NULL_CONVERSION = YES;
				CLANG_WARN_OBJC_IMPLICIT_RETAIN_SELF = YES;
				CLANG_WARN_OBJC_LITERAL_CONVERSION = YES;
				CLANG_WARN_OBJC_ROOT_CLASS = YES_ERROR;
				CLANG_WARN_QUOTED_INCLUDE_IN_FRAMEWORK_HEADER = YES;
				CLANG_WARN_RANGE_LOOP_ANALYSIS = YES;
				CLANG_WARN_STRICT_PROTOTYPES = YES;
				CLANG_WARN_SUSPICIOUS_MOVE = YES;
				CLANG_WARN_UNGUARDED_AVAILABILITY = YES_AGGRESSIVE;
				CLANG_WARN_UNREACHABLE_CODE = YES;
				CLANG_WARN__DUPLICATE_METHOD_MATCH = YES;
				COPY_PHASE_STRIP = NO;
				DEBUG_INFORMATION_FORMAT = "dwarf-with-dsym";
				ENABLE_NS_ASSERTIONS = NO;
				ENABLE_STRICT_OBJC_MSGSEND = YES;
				GCC_C_LANGUAGE_STANDARD = gnu11;
				GCC_NO_COMMON_BLOCKS = YES;
				GCC_WARN_64_TO_32_BIT_CONVERSION = YES;
				GCC_WARN_ABOUT_RETURN_TYPE = YES_ERROR;
				GCC_WARN_UNDECLARED_SELECTOR = YES;
				GCC_WARN_UNINITIALIZED_AUTOS = YES_AGGRESSIVE;
				GCC_WARN_UNUSED_FUNCTION = YES;
				GCC_WARN_UNUSED_VARIABLE = YES;
				MTL_ENABLE_DEBUG_INFO = NO;
				MTL_FAST_MATH = YES;
				SWIFT_COMPILATION_MODE = wholemodule;
				SWIFT_OPTIMIZATION_LEVEL = "-O";
			};
			name = Release;
		};
		ACE2484A29E8C9FB008DFAC2 /* Debug */ = {
			isa = XCBuildConfiguration;
			buildSettings = {
				ASSETCATALOG_COMPILER_APPICON_NAME = AppIcon;
				ASSETCATALOG_COMPILER_GLOBAL_ACCENT_COLOR_NAME = AccentColor;
				CODE_SIGN_ENTITLEMENTS = src/src.entitlements;
				CODE_SIGN_STYLE = Automatic;
				CURRENT_PROJECT_VERSION = 1;
				DEVELOPMENT_ASSET_PATHS = "\"src/Preview Content\"";
				DEVELOPMENT_TEAM = 2UXLVDR5W7;
				ENABLE_HARDENED_RUNTIME = YES;
				ENABLE_PREVIEWS = YES;
				GENERATE_INFOPLIST_FILE = YES;
				"INFOPLIST_KEY_UIApplicationSceneManifest_Generation[sdk=iphoneos*]" = YES;
				"INFOPLIST_KEY_UIApplicationSceneManifest_Generation[sdk=iphonesimulator*]" = YES;
				"INFOPLIST_KEY_UIApplicationSupportsIndirectInputEvents[sdk=iphoneos*]" = YES;
				"INFOPLIST_KEY_UIApplicationSupportsIndirectInputEvents[sdk=iphonesimulator*]" = YES;
				"INFOPLIST_KEY_UILaunchScreen_Generation[sdk=iphoneos*]" = YES;
				"INFOPLIST_KEY_UILaunchScreen_Generation[sdk=iphonesimulator*]" = YES;
				"INFOPLIST_KEY_UIStatusBarStyle[sdk=iphoneos*]" = UIStatusBarStyleDefault;
				"INFOPLIST_KEY_UIStatusBarStyle[sdk=iphonesimulator*]" = UIStatusBarStyleDefault;
				INFOPLIST_KEY_UISupportedInterfaceOrientations_iPad = "UIInterfaceOrientationPortrait UIInterfaceOrientationPortraitUpsideDown UIInterfaceOrientationLandscapeLeft UIInterfaceOrientationLandscapeRight";
				INFOPLIST_KEY_UISupportedInterfaceOrientations_iPhone = "UIInterfaceOrientationPortrait UIInterfaceOrientationLandscapeLeft UIInterfaceOrientationLandscapeRight";
				IPHONEOS_DEPLOYMENT_TARGET = 16.2;
				LD_RUNPATH_SEARCH_PATHS = "@executable_path/Frameworks";
				"LD_RUNPATH_SEARCH_PATHS[sdk=macosx*]" = "@executable_path/../Frameworks";
				MACOSX_DEPLOYMENT_TARGET = 12.5;
				MARKETING_VERSION = 1.0;
				PRODUCT_BUNDLE_IDENTIFIER = gengannie.src;
				PRODUCT_NAME = "$(TARGET_NAME)";
				SDKROOT = auto;
				SUPPORTED_PLATFORMS = "iphoneos iphonesimulator macosx";
				SWIFT_EMIT_LOC_STRINGS = YES;
				SWIFT_VERSION = 5.0;
				TARGETED_DEVICE_FAMILY = "1,2";
			};
			name = Debug;
		};
		ACE2484B29E8C9FB008DFAC2 /* Release */ = {
			isa = XCBuildConfiguration;
			buildSettings = {
				ASSETCATALOG_COMPILER_APPICON_NAME = AppIcon;
				ASSETCATALOG_COMPILER_GLOBAL_ACCENT_COLOR_NAME = AccentColor;
				CODE_SIGN_ENTITLEMENTS = src/src.entitlements;
				CODE_SIGN_STYLE = Automatic;
				CURRENT_PROJECT_VERSION = 1;
				DEVELOPMENT_ASSET_PATHS = "\"src/Preview Content\"";
				DEVELOPMENT_TEAM = 2UXLVDR5W7;
				ENABLE_HARDENED_RUNTIME = YES;
				ENABLE_PREVIEWS = YES;
				GENERATE_INFOPLIST_FILE = YES;
				"INFOPLIST_KEY_UIApplicationSceneManifest_Generation[sdk=iphoneos*]" = YES;
				"INFOPLIST_KEY_UIApplicationSceneManifest_Generation[sdk=iphonesimulator*]" = YES;
				"INFOPLIST_KEY_UIApplicationSupportsIndirectInputEvents[sdk=iphoneos*]" = YES;
				"INFOPLIST_KEY_UIApplicationSupportsIndirectInputEvents[sdk=iphonesimulator*]" = YES;
				"INFOPLIST_KEY_UILaunchScreen_Generation[sdk=iphoneos*]" = YES;
				"INFOPLIST_KEY_UILaunchScreen_Generation[sdk=iphonesimulator*]" = YES;
				"INFOPLIST_KEY_UIStatusBarStyle[sdk=iphoneos*]" = UIStatusBarStyleDefault;
				"INFOPLIST_KEY_UIStatusBarStyle[sdk=iphonesimulator*]" = UIStatusBarStyleDefault;
				INFOPLIST_KEY_UISupportedInterfaceOrientations_iPad = "UIInterfaceOrientationPortrait UIInterfaceOrientationPortraitUpsideDown UIInterfaceOrientationLandscapeLeft UIInterfaceOrientationLandscapeRight";
				INFOPLIST_KEY_UISupportedInterfaceOrientations_iPhone = "UIInterfaceOrientationPortrait UIInterfaceOrientationLandscapeLeft UIInterfaceOrientationLandscapeRight";
				IPHONEOS_DEPLOYMENT_TARGET = 16.2;
				LD_RUNPATH_SEARCH_PATHS = "@executable_path/Frameworks";
				"LD_RUNPATH_SEARCH_PATHS[sdk=macosx*]" = "@executable_path/../Frameworks";
				MACOSX_DEPLOYMENT_TARGET = 12.5;
				MARKETING_VERSION = 1.0;
				PRODUCT_BUNDLE_IDENTIFIER = gengannie.src;
				PRODUCT_NAME = "$(TARGET_NAME)";
				SDKROOT = auto;
				SUPPORTED_PLATFORMS = "iphoneos iphonesimulator macosx";
				SWIFT_EMIT_LOC_STRINGS = YES;
				SWIFT_VERSION = 5.0;
				TARGETED_DEVICE_FAMILY = "1,2";
			};
			name = Release;
		};
		ACE2484D29E8C9FB008DFAC2 /* Debug */ = {
			isa = XCBuildConfiguration;
			buildSettings = {
				ALWAYS_EMBED_SWIFT_STANDARD_LIBRARIES = YES;
				BUNDLE_LOADER = "$(TEST_HOST)";
				CODE_SIGN_STYLE = Automatic;
				CURRENT_PROJECT_VERSION = 1;
				DEVELOPMENT_TEAM = 2UXLVDR5W7;
				GENERATE_INFOPLIST_FILE = YES;
				IPHONEOS_DEPLOYMENT_TARGET = 16.2;
				MACOSX_DEPLOYMENT_TARGET = 12.5;
				MARKETING_VERSION = 1.0;
				PRODUCT_BUNDLE_IDENTIFIER = gengannie.srcTests;
				PRODUCT_NAME = "$(TARGET_NAME)";
				SDKROOT = auto;
				SUPPORTED_PLATFORMS = "iphoneos iphonesimulator macosx";
				SWIFT_EMIT_LOC_STRINGS = NO;
				SWIFT_VERSION = 5.0;
				TARGETED_DEVICE_FAMILY = "1,2";
				TEST_HOST = "$(BUILT_PRODUCTS_DIR)/src.app/$(BUNDLE_EXECUTABLE_FOLDER_PATH)/src";
			};
			name = Debug;
		};
		ACE2484E29E8C9FB008DFAC2 /* Release */ = {
			isa = XCBuildConfiguration;
			buildSettings = {
				ALWAYS_EMBED_SWIFT_STANDARD_LIBRARIES = YES;
				BUNDLE_LOADER = "$(TEST_HOST)";
				CODE_SIGN_STYLE = Automatic;
				CURRENT_PROJECT_VERSION = 1;
				DEVELOPMENT_TEAM = 2UXLVDR5W7;
				GENERATE_INFOPLIST_FILE = YES;
				IPHONEOS_DEPLOYMENT_TARGET = 16.2;
				MACOSX_DEPLOYMENT_TARGET = 12.5;
				MARKETING_VERSION = 1.0;
				PRODUCT_BUNDLE_IDENTIFIER = gengannie.srcTests;
				PRODUCT_NAME = "$(TARGET_NAME)";
				SDKROOT = auto;
				SUPPORTED_PLATFORMS = "iphoneos iphonesimulator macosx";
				SWIFT_EMIT_LOC_STRINGS = NO;
				SWIFT_VERSION = 5.0;
				TARGETED_DEVICE_FAMILY = "1,2";
				TEST_HOST = "$(BUILT_PRODUCTS_DIR)/src.app/$(BUNDLE_EXECUTABLE_FOLDER_PATH)/src";
			};
			name = Release;
		};
		ACE2485029E8C9FB008DFAC2 /* Debug */ = {
			isa = XCBuildConfiguration;
			buildSettings = {
				ALWAYS_EMBED_SWIFT_STANDARD_LIBRARIES = YES;
				CODE_SIGN_STYLE = Automatic;
				CURRENT_PROJECT_VERSION = 1;
				DEVELOPMENT_TEAM = 2UXLVDR5W7;
				GENERATE_INFOPLIST_FILE = YES;
				IPHONEOS_DEPLOYMENT_TARGET = 16.2;
				MACOSX_DEPLOYMENT_TARGET = 12.5;
				MARKETING_VERSION = 1.0;
				PRODUCT_BUNDLE_IDENTIFIER = gengannie.srcUITests;
				PRODUCT_NAME = "$(TARGET_NAME)";
				SDKROOT = auto;
				SUPPORTED_PLATFORMS = "iphoneos iphonesimulator macosx";
				SWIFT_EMIT_LOC_STRINGS = NO;
				SWIFT_VERSION = 5.0;
				TARGETED_DEVICE_FAMILY = "1,2";
				TEST_TARGET_NAME = src;
			};
			name = Debug;
		};
		ACE2485129E8C9FB008DFAC2 /* Release */ = {
			isa = XCBuildConfiguration;
			buildSettings = {
				ALWAYS_EMBED_SWIFT_STANDARD_LIBRARIES = YES;
				CODE_SIGN_STYLE = Automatic;
				CURRENT_PROJECT_VERSION = 1;
				DEVELOPMENT_TEAM = 2UXLVDR5W7;
				GENERATE_INFOPLIST_FILE = YES;
				IPHONEOS_DEPLOYMENT_TARGET = 16.2;
				MACOSX_DEPLOYMENT_TARGET = 12.5;
				MARKETING_VERSION = 1.0;
				PRODUCT_BUNDLE_IDENTIFIER = gengannie.srcUITests;
				PRODUCT_NAME = "$(TARGET_NAME)";
				SDKROOT = auto;
				SUPPORTED_PLATFORMS = "iphoneos iphonesimulator macosx";
				SWIFT_EMIT_LOC_STRINGS = NO;
				SWIFT_VERSION = 5.0;
				TARGETED_DEVICE_FAMILY = "1,2";
				TEST_TARGET_NAME = src;
			};
			name = Release;
		};
/* End XCBuildConfiguration section */

/* Begin XCConfigurationList section */
		ACE2481F29E8C9F9008DFAC2 /* Build configuration list for PBXProject "src" */ = {
			isa = XCConfigurationList;
			buildConfigurations = (
				ACE2484729E8C9FB008DFAC2 /* Debug */,
				ACE2484829E8C9FB008DFAC2 /* Release */,
			);
			defaultConfigurationIsVisible = 0;
			defaultConfigurationName = Release;
		};
		ACE2484929E8C9FB008DFAC2 /* Build configuration list for PBXNativeTarget "src" */ = {
			isa = XCConfigurationList;
			buildConfigurations = (
				ACE2484A29E8C9FB008DFAC2 /* Debug */,
				ACE2484B29E8C9FB008DFAC2 /* Release */,
			);
			defaultConfigurationIsVisible = 0;
			defaultConfigurationName = Release;
		};
		ACE2484C29E8C9FB008DFAC2 /* Build configuration list for PBXNativeTarget "srcTests" */ = {
			isa = XCConfigurationList;
			buildConfigurations = (
				ACE2484D29E8C9FB008DFAC2 /* Debug */,
				ACE2484E29E8C9FB008DFAC2 /* Release */,
			);
			defaultConfigurationIsVisible = 0;
			defaultConfigurationName = Release;
		};
		ACE2484F29E8C9FB008DFAC2 /* Build configuration list for PBXNativeTarget "srcUITests" */ = {
			isa = XCConfigurationList;
			buildConfigurations = (
				ACE2485029E8C9FB008DFAC2 /* Debug */,
				ACE2485129E8C9FB008DFAC2 /* Release */,
			);
			defaultConfigurationIsVisible = 0;
			defaultConfigurationName = Release;
		};
/* End XCConfigurationList section */
	};
	rootObject = ACE2481C29E8C9F9008DFAC2 /* Project object */;
}
